// !$*UTF8*$!
{
	archiveVersion = 1;
	classes = {
	};
	objectVersion = 56;
	objects = {

/* Begin PBXBuildFile section */
		4AEBA8F6292F7045008630E7 /* AppDelegate.swift in Sources */ = {isa = PBXBuildFile; fileRef = 4AEBA8F5292F7045008630E7 /* AppDelegate.swift */; };
		4AEBA8F8292F7045008630E7 /* SceneDelegate.swift in Sources */ = {isa = PBXBuildFile; fileRef = 4AEBA8F7292F7045008630E7 /* SceneDelegate.swift */; };
		4AEBA8FA292F7045008630E7 /* ViewController.swift in Sources */ = {isa = PBXBuildFile; fileRef = 4AEBA8F9292F7045008630E7 /* ViewController.swift */; };
		4AEBA8FD292F7045008630E7 /* Main.storyboard in Resources */ = {isa = PBXBuildFile; fileRef = 4AEBA8FB292F7045008630E7 /* Main.storyboard */; };
		4AEBA8FF292F7046008630E7 /* Assets.xcassets in Resources */ = {isa = PBXBuildFile; fileRef = 4AEBA8FE292F7046008630E7 /* Assets.xcassets */; };
		4AEBA902292F7046008630E7 /* LaunchScreen.storyboard in Resources */ = {isa = PBXBuildFile; fileRef = 4AEBA900292F7046008630E7 /* LaunchScreen.storyboard */; };
		4AEBA910292F70C2008630E7 /* WidgetKit.framework in Frameworks */ = {isa = PBXBuildFile; fileRef = 4AEBA90F292F70C2008630E7 /* WidgetKit.framework */; };
		4AEBA912292F70C2008630E7 /* SwiftUI.framework in Frameworks */ = {isa = PBXBuildFile; fileRef = 4AEBA911292F70C2008630E7 /* SwiftUI.framework */; };
		4AEBA915292F70C2008630E7 /* JakeBundle.swift in Sources */ = {isa = PBXBuildFile; fileRef = 4AEBA914292F70C2008630E7 /* JakeBundle.swift */; };
		4AEBA917292F70C2008630E7 /* JakeLiveActivity.swift in Sources */ = {isa = PBXBuildFile; fileRef = 4AEBA916292F70C2008630E7 /* JakeLiveActivity.swift */; };
		4AEBA919292F70C2008630E7 /* Jake.swift in Sources */ = {isa = PBXBuildFile; fileRef = 4AEBA918292F70C2008630E7 /* Jake.swift */; };
		4AEBA91C292F70C3008630E7 /* Assets.xcassets in Resources */ = {isa = PBXBuildFile; fileRef = 4AEBA91B292F70C3008630E7 /* Assets.xcassets */; };
		4AEBA91E292F70C3008630E7 /* Jake.intentdefinition in Sources */ = {isa = PBXBuildFile; fileRef = 4AEBA91A292F70C2008630E7 /* Jake.intentdefinition */; };
		4AEBA91F292F70C3008630E7 /* Jake.intentdefinition in Sources */ = {isa = PBXBuildFile; fileRef = 4AEBA91A292F70C2008630E7 /* Jake.intentdefinition */; };
		4AEBA922292F70C3008630E7 /* JakeExtension.appex in Embed Foundation Extensions */ = {isa = PBXBuildFile; fileRef = 4AEBA90D292F70C2008630E7 /* JakeExtension.appex */; settings = {ATTRIBUTES = (RemoveHeadersOnCopy, ); }; };
		4AEBA929292F7258008630E7 /* LiveActivityManager.swift in Sources */ = {isa = PBXBuildFile; fileRef = 4AEBA928292F7258008630E7 /* LiveActivityManager.swift */; };
		4AEBA92A292F7258008630E7 /* LiveActivityManager.swift in Sources */ = {isa = PBXBuildFile; fileRef = 4AEBA928292F7258008630E7 /* LiveActivityManager.swift */; };
		4AEBA92B292F72C0008630E7 /* Jake.swift in Sources */ = {isa = PBXBuildFile; fileRef = 4AEBA918292F70C2008630E7 /* Jake.swift */; };
		4AEBA92C292F8443008630E7 /* JakeLiveActivity.swift in Sources */ = {isa = PBXBuildFile; fileRef = 4AEBA916292F70C2008630E7 /* JakeLiveActivity.swift */; };
/* End PBXBuildFile section */

/* Begin PBXContainerItemProxy section */
		4AEBA920292F70C3008630E7 /* PBXContainerItemProxy */ = {
			isa = PBXContainerItemProxy;
			containerPortal = 4AEBA8EA292F7045008630E7 /* Project object */;
			proxyType = 1;
			remoteGlobalIDString = 4AEBA90C292F70C2008630E7;
			remoteInfo = JakeExtension;
		};
/* End PBXContainerItemProxy section */

/* Begin PBXCopyFilesBuildPhase section */
		4AEBA926292F70C3008630E7 /* Embed Foundation Extensions */ = {
			isa = PBXCopyFilesBuildPhase;
			buildActionMask = 2147483647;
			dstPath = "";
			dstSubfolderSpec = 13;
			files = (
				4AEBA922292F70C3008630E7 /* JakeExtension.appex in Embed Foundation Extensions */,
			);
			name = "Embed Foundation Extensions";
			runOnlyForDeploymentPostprocessing = 0;
		};
/* End PBXCopyFilesBuildPhase section */

/* Begin PBXFileReference section */
		4AEBA8F2292F7045008630E7 /* ExLiveActivityInUIKit.app */ = {isa = PBXFileReference; explicitFileType = wrapper.application; includeInIndex = 0; path = ExLiveActivityInUIKit.app; sourceTree = BUILT_PRODUCTS_DIR; };
		4AEBA8F5292F7045008630E7 /* AppDelegate.swift */ = {isa = PBXFileReference; lastKnownFileType = sourcecode.swift; path = AppDelegate.swift; sourceTree = "<group>"; };
		4AEBA8F7292F7045008630E7 /* SceneDelegate.swift */ = {isa = PBXFileReference; lastKnownFileType = sourcecode.swift; path = SceneDelegate.swift; sourceTree = "<group>"; };
		4AEBA8F9292F7045008630E7 /* ViewController.swift */ = {isa = PBXFileReference; lastKnownFileType = sourcecode.swift; path = ViewController.swift; sourceTree = "<group>"; };
		4AEBA8FC292F7045008630E7 /* Base */ = {isa = PBXFileReference; lastKnownFileType = file.storyboard; name = Base; path = Base.lproj/Main.storyboard; sourceTree = "<group>"; };
		4AEBA8FE292F7046008630E7 /* Assets.xcassets */ = {isa = PBXFileReference; lastKnownFileType = folder.assetcatalog; path = Assets.xcassets; sourceTree = "<group>"; };
		4AEBA901292F7046008630E7 /* Base */ = {isa = PBXFileReference; lastKnownFileType = file.storyboard; name = Base; path = Base.lproj/LaunchScreen.storyboard; sourceTree = "<group>"; };
		4AEBA903292F7046008630E7 /* Info.plist */ = {isa = PBXFileReference; lastKnownFileType = text.plist.xml; path = Info.plist; sourceTree = "<group>"; };
		4AEBA90D292F70C2008630E7 /* JakeExtension.appex */ = {isa = PBXFileReference; explicitFileType = "wrapper.app-extension"; includeInIndex = 0; path = JakeExtension.appex; sourceTree = BUILT_PRODUCTS_DIR; };
		4AEBA90F292F70C2008630E7 /* WidgetKit.framework */ = {isa = PBXFileReference; lastKnownFileType = wrapper.framework; name = WidgetKit.framework; path = System/Library/Frameworks/WidgetKit.framework; sourceTree = SDKROOT; };
		4AEBA911292F70C2008630E7 /* SwiftUI.framework */ = {isa = PBXFileReference; lastKnownFileType = wrapper.framework; name = SwiftUI.framework; path = System/Library/Frameworks/SwiftUI.framework; sourceTree = SDKROOT; };
		4AEBA914292F70C2008630E7 /* JakeBundle.swift */ = {isa = PBXFileReference; lastKnownFileType = sourcecode.swift; path = JakeBundle.swift; sourceTree = "<group>"; };
		4AEBA916292F70C2008630E7 /* JakeLiveActivity.swift */ = {isa = PBXFileReference; lastKnownFileType = sourcecode.swift; path = JakeLiveActivity.swift; sourceTree = "<group>"; };
		4AEBA918292F70C2008630E7 /* Jake.swift */ = {isa = PBXFileReference; lastKnownFileType = sourcecode.swift; path = Jake.swift; sourceTree = "<group>"; };
		4AEBA91A292F70C2008630E7 /* Jake.intentdefinition */ = {isa = PBXFileReference; lastKnownFileType = file.intentdefinition; path = Jake.intentdefinition; sourceTree = "<group>"; };
		4AEBA91B292F70C3008630E7 /* Assets.xcassets */ = {isa = PBXFileReference; lastKnownFileType = folder.assetcatalog; path = Assets.xcassets; sourceTree = "<group>"; };
		4AEBA91D292F70C3008630E7 /* Info.plist */ = {isa = PBXFileReference; lastKnownFileType = text.plist.xml; path = Info.plist; sourceTree = "<group>"; };
		4AEBA928292F7258008630E7 /* LiveActivityManager.swift */ = {isa = PBXFileReference; lastKnownFileType = sourcecode.swift; path = LiveActivityManager.swift; sourceTree = "<group>"; };
/* End PBXFileReference section */

/* Begin PBXFrameworksBuildPhase section */
		4AEBA8EF292F7045008630E7 /* Frameworks */ = {
			isa = PBXFrameworksBuildPhase;
			buildActionMask = 2147483647;
			files = (
			);
			runOnlyForDeploymentPostprocessing = 0;
		};
		4AEBA90A292F70C2008630E7 /* Frameworks */ = {
			isa = PBXFrameworksBuildPhase;
			buildActionMask = 2147483647;
			files = (
				4AEBA912292F70C2008630E7 /* SwiftUI.framework in Frameworks */,
				4AEBA910292F70C2008630E7 /* WidgetKit.framework in Frameworks */,
			);
			runOnlyForDeploymentPostprocessing = 0;
		};
/* End PBXFrameworksBuildPhase section */

/* Begin PBXGroup section */
		4AEBA8E9292F7045008630E7 = {
			isa = PBXGroup;
			children = (
				4AEBA8F4292F7045008630E7 /* ExLiveActivityInUIKit */,
				4AEBA913292F70C2008630E7 /* Jake */,
				4AEBA90E292F70C2008630E7 /* Frameworks */,
				4AEBA8F3292F7045008630E7 /* Products */,
			);
			sourceTree = "<group>";
		};
		4AEBA8F3292F7045008630E7 /* Products */ = {
			isa = PBXGroup;
			children = (
				4AEBA8F2292F7045008630E7 /* ExLiveActivityInUIKit.app */,
				4AEBA90D292F70C2008630E7 /* JakeExtension.appex */,
			);
			name = Products;
			sourceTree = "<group>";
		};
		4AEBA8F4292F7045008630E7 /* ExLiveActivityInUIKit */ = {
			isa = PBXGroup;
			children = (
				4AEBA8F5292F7045008630E7 /* AppDelegate.swift */,
				4AEBA8F7292F7045008630E7 /* SceneDelegate.swift */,
				4AEBA8F9292F7045008630E7 /* ViewController.swift */,
				4AEBA8FB292F7045008630E7 /* Main.storyboard */,
				4AEBA8FE292F7046008630E7 /* Assets.xcassets */,
				4AEBA900292F7046008630E7 /* LaunchScreen.storyboard */,
				4AEBA903292F7046008630E7 /* Info.plist */,
			);
			path = ExLiveActivityInUIKit;
			sourceTree = "<group>";
		};
		4AEBA90E292F70C2008630E7 /* Frameworks */ = {
			isa = PBXGroup;
			children = (
				4AEBA90F292F70C2008630E7 /* WidgetKit.framework */,
				4AEBA911292F70C2008630E7 /* SwiftUI.framework */,
			);
			name = Frameworks;
			sourceTree = "<group>";
		};
		4AEBA913292F70C2008630E7 /* Jake */ = {
			isa = PBXGroup;
			children = (
				4AEBA914292F70C2008630E7 /* JakeBundle.swift */,
				4AEBA916292F70C2008630E7 /* JakeLiveActivity.swift */,
				4AEBA928292F7258008630E7 /* LiveActivityManager.swift */,
				4AEBA918292F70C2008630E7 /* Jake.swift */,
				4AEBA91A292F70C2008630E7 /* Jake.intentdefinition */,
				4AEBA91B292F70C3008630E7 /* Assets.xcassets */,
				4AEBA91D292F70C3008630E7 /* Info.plist */,
			);
			path = Jake;
			sourceTree = "<group>";
		};
/* End PBXGroup section */

/* Begin PBXNativeTarget section */
		4AEBA8F1292F7045008630E7 /* ExLiveActivityInUIKit */ = {
			isa = PBXNativeTarget;
			buildConfigurationList = 4AEBA906292F7046008630E7 /* Build configuration list for PBXNativeTarget "ExLiveActivityInUIKit" */;
			buildPhases = (
				4AEBA8EE292F7045008630E7 /* Sources */,
				4AEBA8EF292F7045008630E7 /* Frameworks */,
				4AEBA8F0292F7045008630E7 /* Resources */,
				4AEBA926292F70C3008630E7 /* Embed Foundation Extensions */,
			);
			buildRules = (
			);
			dependencies = (
				4AEBA921292F70C3008630E7 /* PBXTargetDependency */,
			);
			name = ExLiveActivityInUIKit;
			productName = ExLiveActivityInUIKit;
			productReference = 4AEBA8F2292F7045008630E7 /* ExLiveActivityInUIKit.app */;
			productType = "com.apple.product-type.application";
		};
		4AEBA90C292F70C2008630E7 /* JakeExtension */ = {
			isa = PBXNativeTarget;
			buildConfigurationList = 4AEBA923292F70C3008630E7 /* Build configuration list for PBXNativeTarget "JakeExtension" */;
			buildPhases = (
				4AEBA909292F70C2008630E7 /* Sources */,
				4AEBA90A292F70C2008630E7 /* Frameworks */,
				4AEBA90B292F70C2008630E7 /* Resources */,
			);
			buildRules = (
			);
			dependencies = (
			);
			name = JakeExtension;
			productName = JakeExtension;
			productReference = 4AEBA90D292F70C2008630E7 /* JakeExtension.appex */;
			productType = "com.apple.product-type.app-extension";
		};
/* End PBXNativeTarget section */

/* Begin PBXProject section */
		4AEBA8EA292F7045008630E7 /* Project object */ = {
			isa = PBXProject;
			attributes = {
				BuildIndependentTargetsInParallel = 1;
				LastSwiftUpdateCheck = 1410;
				LastUpgradeCheck = 1410;
				TargetAttributes = {
					4AEBA8F1292F7045008630E7 = {
						CreatedOnToolsVersion = 14.1;
					};
					4AEBA90C292F70C2008630E7 = {
						CreatedOnToolsVersion = 14.1;
					};
				};
			};
			buildConfigurationList = 4AEBA8ED292F7045008630E7 /* Build configuration list for PBXProject "ExLiveActivityInUIKit" */;
			compatibilityVersion = "Xcode 14.0";
			developmentRegion = en;
			hasScannedForEncodings = 0;
			knownRegions = (
				en,
				Base,
			);
			mainGroup = 4AEBA8E9292F7045008630E7;
			productRefGroup = 4AEBA8F3292F7045008630E7 /* Products */;
			projectDirPath = "";
			projectRoot = "";
			targets = (
				4AEBA8F1292F7045008630E7 /* ExLiveActivityInUIKit */,
				4AEBA90C292F70C2008630E7 /* JakeExtension */,
			);
		};
/* End PBXProject section */

/* Begin PBXResourcesBuildPhase section */
		4AEBA8F0292F7045008630E7 /* Resources */ = {
			isa = PBXResourcesBuildPhase;
			buildActionMask = 2147483647;
			files = (
				4AEBA902292F7046008630E7 /* LaunchScreen.storyboard in Resources */,
				4AEBA8FF292F7046008630E7 /* Assets.xcassets in Resources */,
				4AEBA8FD292F7045008630E7 /* Main.storyboard in Resources */,
			);
			runOnlyForDeploymentPostprocessing = 0;
		};
		4AEBA90B292F70C2008630E7 /* Resources */ = {
			isa = PBXResourcesBuildPhase;
			buildActionMask = 2147483647;
			files = (
				4AEBA91C292F70C3008630E7 /* Assets.xcassets in Resources */,
			);
			runOnlyForDeploymentPostprocessing = 0;
		};
/* End PBXResourcesBuildPhase section */

/* Begin PBXSourcesBuildPhase section */
		4AEBA8EE292F7045008630E7 /* Sources */ = {
			isa = PBXSourcesBuildPhase;
			buildActionMask = 2147483647;
			files = (
				4AEBA8FA292F7045008630E7 /* ViewController.swift in Sources */,
				4AEBA92C292F8443008630E7 /* JakeLiveActivity.swift in Sources */,
				4AEBA91F292F70C3008630E7 /* Jake.intentdefinition in Sources */,
				4AEBA92B292F72C0008630E7 /* Jake.swift in Sources */,
				4AEBA929292F7258008630E7 /* LiveActivityManager.swift in Sources */,
				4AEBA8F6292F7045008630E7 /* AppDelegate.swift in Sources */,
				4AEBA8F8292F7045008630E7 /* SceneDelegate.swift in Sources */,
			);
			runOnlyForDeploymentPostprocessing = 0;
		};
		4AEBA909292F70C2008630E7 /* Sources */ = {
			isa = PBXSourcesBuildPhase;
			buildActionMask = 2147483647;
			files = (
				4AEBA919292F70C2008630E7 /* Jake.swift in Sources */,
				4AEBA91E292F70C3008630E7 /* Jake.intentdefinition in Sources */,
				4AEBA915292F70C2008630E7 /* JakeBundle.swift in Sources */,
				4AEBA92A292F7258008630E7 /* LiveActivityManager.swift in Sources */,
				4AEBA917292F70C2008630E7 /* JakeLiveActivity.swift in Sources */,
			);
			runOnlyForDeploymentPostprocessing = 0;
		};
/* End PBXSourcesBuildPhase section */

/* Begin PBXTargetDependency section */
		4AEBA921292F70C3008630E7 /* PBXTargetDependency */ = {
			isa = PBXTargetDependency;
			target = 4AEBA90C292F70C2008630E7 /* JakeExtension */;
			targetProxy = 4AEBA920292F70C3008630E7 /* PBXContainerItemProxy */;
		};
/* End PBXTargetDependency section */

/* Begin PBXVariantGroup section */
		4AEBA8FB292F7045008630E7 /* Main.storyboard */ = {
			isa = PBXVariantGroup;
			children = (
				4AEBA8FC292F7045008630E7 /* Base */,
			);
			name = Main.storyboard;
			sourceTree = "<group>";
		};
		4AEBA900292F7046008630E7 /* LaunchScreen.storyboard */ = {
			isa = PBXVariantGroup;
			children = (
				4AEBA901292F7046008630E7 /* Base */,
			);
			name = LaunchScreen.storyboard;
			sourceTree = "<group>";
		};
/* End PBXVariantGroup section */

/* Begin XCBuildConfiguration section */
		4AEBA904292F7046008630E7 /* Debug */ = {
			isa = XCBuildConfiguration;
			buildSettings = {
				ALWAYS_SEARCH_USER_PATHS = NO;
				CLANG_ANALYZER_NONNULL = YES;
				CLANG_ANALYZER_NUMBER_OBJECT_CONVERSION = YES_AGGRESSIVE;
				CLANG_CXX_LANGUAGE_STANDARD = "gnu++20";
				CLANG_ENABLE_MODULES = YES;
				CLANG_ENABLE_OBJC_ARC = YES;
				CLANG_ENABLE_OBJC_WEAK = YES;
				CLANG_WARN_BLOCK_CAPTURE_AUTORELEASING = YES;
				CLANG_WARN_BOOL_CONVERSION = YES;
				CLANG_WARN_COMMA = YES;
				CLANG_WARN_CONSTANT_CONVERSION = YES;
				CLANG_WARN_DEPRECATED_OBJC_IMPLEMENTATIONS = YES;
				CLANG_WARN_DIRECT_OBJC_ISA_USAGE = YES_ERROR;
				CLANG_WARN_DOCUMENTATION_COMMENTS = YES;
				CLANG_WARN_EMPTY_BODY = YES;
				CLANG_WARN_ENUM_CONVERSION = YES;
				CLANG_WARN_INFINITE_RECURSION = YES;
				CLANG_WARN_INT_CONVERSION = YES;
				CLANG_WARN_NON_LITERAL_NULL_CONVERSION = YES;
				CLANG_WARN_OBJC_IMPLICIT_RETAIN_SELF = YES;
				CLANG_WARN_OBJC_LITERAL_CONVERSION = YES;
				CLANG_WARN_OBJC_ROOT_CLASS = YES_ERROR;
				CLANG_WARN_QUOTED_INCLUDE_IN_FRAMEWORK_HEADER = YES;
				CLANG_WARN_RANGE_LOOP_ANALYSIS = YES;
				CLANG_WARN_STRICT_PROTOTYPES = YES;
				CLANG_WARN_SUSPICIOUS_MOVE = YES;
				CLANG_WARN_UNGUARDED_AVAILABILITY = YES_AGGRESSIVE;
				CLANG_WARN_UNREACHABLE_CODE = YES;
				CLANG_WARN__DUPLICATE_METHOD_MATCH = YES;
				COPY_PHASE_STRIP = NO;
				DEBUG_INFORMATION_FORMAT = dwarf;
				ENABLE_STRICT_OBJC_MSGSEND = YES;
				ENABLE_TESTABILITY = YES;
				GCC_C_LANGUAGE_STANDARD = gnu11;
				GCC_DYNAMIC_NO_PIC = NO;
				GCC_NO_COMMON_BLOCKS = YES;
				GCC_OPTIMIZATION_LEVEL = 0;
				GCC_PREPROCESSOR_DEFINITIONS = (
					"DEBUG=1",
					"$(inherited)",
				);
				GCC_WARN_64_TO_32_BIT_CONVERSION = YES;
				GCC_WARN_ABOUT_RETURN_TYPE = YES_ERROR;
				GCC_WARN_UNDECLARED_SELECTOR = YES;
				GCC_WARN_UNINITIALIZED_AUTOS = YES_AGGRESSIVE;
				GCC_WARN_UNUSED_FUNCTION = YES;
				GCC_WARN_UNUSED_VARIABLE = YES;
				IPHONEOS_DEPLOYMENT_TARGET = 16.1;
				MTL_ENABLE_DEBUG_INFO = INCLUDE_SOURCE;
				MTL_FAST_MATH = YES;
				ONLY_ACTIVE_ARCH = YES;
				SDKROOT = iphoneos;
				SWIFT_ACTIVE_COMPILATION_CONDITIONS = DEBUG;
				SWIFT_OPTIMIZATION_LEVEL = "-Onone";
			};
			name = Debug;
		};
		4AEBA905292F7046008630E7 /* Release */ = {
			isa = XCBuildConfiguration;
			buildSettings = {
				ALWAYS_SEARCH_USER_PATHS = NO;
				CLANG_ANALYZER_NONNULL = YES;
				CLANG_ANALYZER_NUMBER_OBJECT_CONVERSION = YES_AGGRESSIVE;
				CLANG_CXX_LANGUAGE_STANDARD = "gnu++20";
				CLANG_ENABLE_MODULES = YES;
				CLANG_ENABLE_OBJC_ARC = YES;
				CLANG_ENABLE_OBJC_WEAK = YES;
				CLANG_WARN_BLOCK_CAPTURE_AUTORELEASING = YES;
				CLANG_WARN_BOOL_CONVERSION = YES;
				CLANG_WARN_COMMA = YES;
				CLANG_WARN_CONSTANT_CONVERSION = YES;
				CLANG_WARN_DEPRECATED_OBJC_IMPLEMENTATIONS = YES;
				CLANG_WARN_DIRECT_OBJC_ISA_USAGE = YES_ERROR;
				CLANG_WARN_DOCUMENTATION_COMMENTS = YES;
				CLANG_WARN_EMPTY_BODY = YES;
				CLANG_WARN_ENUM_CONVERSION = YES;
				CLANG_WARN_INFINITE_RECURSION = YES;
				CLANG_WARN_INT_CONVERSION = YES;
				CLANG_WARN_NON_LITERAL_NULL_CONVERSION = YES;
				CLANG_WARN_OBJC_IMPLICIT_RETAIN_SELF = YES;
				CLANG_WARN_OBJC_LITERAL_CONVERSION = YES;
				CLANG_WARN_OBJC_ROOT_CLASS = YES_ERROR;
				CLANG_WARN_QUOTED_INCLUDE_IN_FRAMEWORK_HEADER = YES;
				CLANG_WARN_RANGE_LOOP_ANALYSIS = YES;
				CLANG_WARN_STRICT_PROTOTYPES = YES;
				CLANG_WARN_SUSPICIOUS_MOVE = YES;
				CLANG_WARN_UNGUARDED_AVAILABILITY = YES_AGGRESSIVE;
				CLANG_WARN_UNREACHABLE_CODE = YES;
				CLANG_WARN__DUPLICATE_METHOD_MATCH = YES;
				COPY_PHASE_STRIP = NO;
				DEBUG_INFORMATION_FORMAT = "dwarf-with-dsym";
				ENABLE_NS_ASSERTIONS = NO;
				ENABLE_STRICT_OBJC_MSGSEND = YES;
				GCC_C_LANGUAGE_STANDARD = gnu11;
				GCC_NO_COMMON_BLOCKS = YES;
				GCC_WARN_64_TO_32_BIT_CONVERSION = YES;
				GCC_WARN_ABOUT_RETURN_TYPE = YES_ERROR;
				GCC_WARN_UNDECLARED_SELECTOR = YES;
				GCC_WARN_UNINITIALIZED_AUTOS = YES_AGGRESSIVE;
				GCC_WARN_UNUSED_FUNCTION = YES;
				GCC_WARN_UNUSED_VARIABLE = YES;
				IPHONEOS_DEPLOYMENT_TARGET = 16.1;
				MTL_ENABLE_DEBUG_INFO = NO;
				MTL_FAST_MATH = YES;
				SDKROOT = iphoneos;
				SWIFT_COMPILATION_MODE = wholemodule;
				SWIFT_OPTIMIZATION_LEVEL = "-O";
				VALIDATE_PRODUCT = YES;
			};
			name = Release;
		};
		4AEBA907292F7046008630E7 /* Debug */ = {
			isa = XCBuildConfiguration;
			buildSettings = {
				ALWAYS_EMBED_SWIFT_STANDARD_LIBRARIES = YES;
				ASSETCATALOG_COMPILER_APPICON_NAME = AppIcon;
				ASSETCATALOG_COMPILER_GLOBAL_ACCENT_COLOR_NAME = AccentColor;
				CODE_SIGN_STYLE = Automatic;
				CURRENT_PROJECT_VERSION = 1;
				DEVELOPMENT_TEAM = SS7U83UJNK;
				GENERATE_INFOPLIST_FILE = YES;
				INFOPLIST_FILE = ExLiveActivityInUIKit/Info.plist;
				INFOPLIST_KEY_UIApplicationSupportsIndirectInputEvents = YES;
				INFOPLIST_KEY_UILaunchStoryboardName = LaunchScreen;
				INFOPLIST_KEY_UIMainStoryboardFile = Main;
				INFOPLIST_KEY_UISupportedInterfaceOrientations_iPad = "UIInterfaceOrientationPortrait UIInterfaceOrientationPortraitUpsideDown UIInterfaceOrientationLandscapeLeft UIInterfaceOrientationLandscapeRight";
				INFOPLIST_KEY_UISupportedInterfaceOrientations_iPhone = "UIInterfaceOrientationPortrait UIInterfaceOrientationLandscapeLeft UIInterfaceOrientationLandscapeRight";
				LD_RUNPATH_SEARCH_PATHS = (
					"$(inherited)",
					"@executable_path/Frameworks",
				);
				MARKETING_VERSION = 1.0;
				PRODUCT_BUNDLE_IDENTIFIER = com.jake.ExLiveActivityInUIKit;
				PRODUCT_NAME = "$(TARGET_NAME)";
				SWIFT_EMIT_LOC_STRINGS = YES;
				SWIFT_VERSION = 5.0;
				TARGETED_DEVICE_FAMILY = "1,2";
			};
			name = Debug;
		};
		4AEBA908292F7046008630E7 /* Release */ = {
			isa = XCBuildConfiguration;
			buildSettings = {
				ALWAYS_EMBED_SWIFT_STANDARD_LIBRARIES = YES;
				ASSETCATALOG_COMPILER_APPICON_NAME = AppIcon;
				ASSETCATALOG_COMPILER_GLOBAL_ACCENT_COLOR_NAME = AccentColor;
				CODE_SIGN_STYLE = Automatic;
				CURRENT_PROJECT_VERSION = 1;
				DEVELOPMENT_TEAM = SS7U83UJNK;
				GENERATE_INFOPLIST_FILE = YES;
				INFOPLIST_FILE = ExLiveActivityInUIKit/Info.plist;
				INFOPLIST_KEY_UIApplicationSupportsIndirectInputEvents = YES;
				INFOPLIST_KEY_UILaunchStoryboardName = LaunchScreen;
				INFOPLIST_KEY_UIMainStoryboardFile = Main;
				INFOPLIST_KEY_UISupportedInterfaceOrientations_iPad = "UIInterfaceOrientationPortrait UIInterfaceOrientationPortraitUpsideDown UIInterfaceOrientationLandscapeLeft UIInterfaceOrientationLandscapeRight";
				INFOPLIST_KEY_UISupportedInterfaceOrientations_iPhone = "UIInterfaceOrientationPortrait UIInterfaceOrientationLandscapeLeft UIInterfaceOrientationLandscapeRight";
				LD_RUNPATH_SEARCH_PATHS = (
					"$(inherited)",
					"@executable_path/Frameworks",
				);
				MARKETING_VERSION = 1.0;
				PRODUCT_BUNDLE_IDENTIFIER = com.jake.ExLiveActivityInUIKit;
				PRODUCT_NAME = "$(TARGET_NAME)";
				SWIFT_EMIT_LOC_STRINGS = YES;
				SWIFT_VERSION = 5.0;
				TARGETED_DEVICE_FAMILY = "1,2";
			};
			name = Release;
		};
		4AEBA924292F70C3008630E7 /* Debug */ = {
			isa = XCBuildConfiguration;
			buildSettings = {
				ASSETCATALOG_COMPILER_GLOBAL_ACCENT_COLOR_NAME = AccentColor;
				ASSETCATALOG_COMPILER_WIDGET_BACKGROUND_COLOR_NAME = WidgetBackground;
				CODE_SIGN_STYLE = Automatic;
				CURRENT_PROJECT_VERSION = 1;
				DEVELOPMENT_TEAM = SS7U83UJNK;
				GENERATE_INFOPLIST_FILE = YES;
				INFOPLIST_FILE = Jake/Info.plist;
				INFOPLIST_KEY_CFBundleDisplayName = Jake;
				INFOPLIST_KEY_NSHumanReadableCopyright = "";
				LD_RUNPATH_SEARCH_PATHS = (
					"$(inherited)",
					"@executable_path/Frameworks",
					"@executable_path/../../Frameworks",
				);
				MARKETING_VERSION = 1.0;
				PRODUCT_BUNDLE_IDENTIFIER = com.jake.ExLiveActivityInUIKit.Jake;
				PRODUCT_NAME = "$(TARGET_NAME)";
				SKIP_INSTALL = YES;
				SWIFT_EMIT_LOC_STRINGS = YES;
				SWIFT_VERSION = 5.0;
				TARGETED_DEVICE_FAMILY = "1,2";
			};
			name = Debug;
		};
		4AEBA925292F70C3008630E7 /* Release */ = {
			isa = XCBuildConfiguration;
			buildSettings = {
				ASSETCATALOG_COMPILER_GLOBAL_ACCENT_COLOR_NAME = AccentColor;
				ASSETCATALOG_COMPILER_WIDGET_BACKGROUND_COLOR_NAME = WidgetBackground;
				CODE_SIGN_STYLE = Automatic;
				CURRENT_PROJECT_VERSION = 1;
				DEVELOPMENT_TEAM = SS7U83UJNK;
				GENERATE_INFOPLIST_FILE = YES;
				INFOPLIST_FILE = Jake/Info.plist;
				INFOPLIST_KEY_CFBundleDisplayName = Jake;
				INFOPLIST_KEY_NSHumanReadableCopyright = "";
				LD_RUNPATH_SEARCH_PATHS = (
					"$(inherited)",
					"@executable_path/Frameworks",
					"@executable_path/../../Frameworks",
				);
				MARKETING_VERSION = 1.0;
				PRODUCT_BUNDLE_IDENTIFIER = com.jake.ExLiveActivityInUIKit.Jake;
				PRODUCT_NAME = "$(TARGET_NAME)";
				SKIP_INSTALL = YES;
				SWIFT_EMIT_LOC_STRINGS = YES;
				SWIFT_VERSION = 5.0;
				TARGETED_DEVICE_FAMILY = "1,2";
			};
			name = Release;
		};
/* End XCBuildConfiguration section */

/* Begin XCConfigurationList section */
		4AEBA8ED292F7045008630E7 /* Build configuration list for PBXProject "ExLiveActivityInUIKit" */ = {
			isa = XCConfigurationList;
			buildConfigurations = (
				4AEBA904292F7046008630E7 /* Debug */,
				4AEBA905292F7046008630E7 /* Release */,
			);
			defaultConfigurationIsVisible = 0;
			defaultConfigurationName = Release;
		};
		4AEBA906292F7046008630E7 /* Build configuration list for PBXNativeTarget "ExLiveActivityInUIKit" */ = {
			isa = XCConfigurationList;
			buildConfigurations = (
				4AEBA907292F7046008630E7 /* Debug */,
				4AEBA908292F7046008630E7 /* Release */,
			);
			defaultConfigurationIsVisible = 0;
			defaultConfigurationName = Release;
		};
		4AEBA923292F70C3008630E7 /* Build configuration list for PBXNativeTarget "JakeExtension" */ = {
			isa = XCConfigurationList;
			buildConfigurations = (
				4AEBA924292F70C3008630E7 /* Debug */,
				4AEBA925292F70C3008630E7 /* Release */,
			);
			defaultConfigurationIsVisible = 0;
			defaultConfigurationName = Release;
		};
/* End XCConfigurationList section */
	};
	rootObject = 4AEBA8EA292F7045008630E7 /* Project object */;
}
